
Microsoft Visual Studio Solution File, Format Version 12.00
# Visual Studio Version 16
VisualStudioVersion = 16.0.29709.97
MinimumVisualStudioVersion = 10.0.40219.1
Project("{FAE04EC0-301F-11D3-BF4B-00C04F79EFBC}") = "unnamedProject", "unnamedProject\unnamedProject.csproj", "{D26D5F6C-AAC3-4697-A1BA-E43020AEA271}"
EndProject
Global
	GlobalSection(SolutionConfigurationPlatforms) = preSolution
		Debug|Any CPU = Debug|Any CPU
		Release|Any CPU = Release|Any CPU
	EndGlobalSection
	GlobalSection(ProjectConfigurationPlatforms) = postSolution
		{D26D5F6C-AAC3-4697-A1BA-E43020AEA271}.Debug|Any CPU.ActiveCfg = Debug|Any CPU
		{D26D5F6C-AAC3-4697-A1BA-E43020AEA271}.Debug|Any CPU.Build.0 = Debug|Any CPU
		{D26D5F6C-AAC3-4697-A1BA-E43020AEA271}.Release|Any CPU.ActiveCfg = Release|Any CPU
		{D26D5F6C-AAC3-4697-A1BA-E43020AEA271}.Release|Any CPU.Build.0 = Release|Any CPU
	EndGlobalSection
	GlobalSection(SolutionProperties) = preSolution
		HideSolutionNode = FALSE
	EndGlobalSection
	GlobalSection(ExtensibilityGlobals) = postSolution
		SolutionGuid = {5B8F313B-2036-4E75-B096-72EB8A865E43}
	EndGlobalSection
EndGlobal
